# THIS IS AN AUTOGENERATED FILE. DO NOT EDIT THIS FILE DIRECTLY.
# yarn lockfile v1


"double-ended-queue@^2.1.0-0":
  "integrity" "sha1-ED01J/0xUo9AGIEwyEHv3XgmTlw= sha512-+BNfZ+deCo8hMNpDqDnvT+c0XpJ5cUa6mqYq89bho2Ifze4URTqRkcwR399hWoTrTkbZ/XJYDgP6rc7pRgffEQ=="
  "resolved" "http://registry.npm.taobao.org/double-ended-queue/download/double-ended-queue-2.1.0-0.tgz"
  "version" "2.1.0-0"

"redis-commands@^1.2.0":
  "integrity" "sha1-UvnPmRU+/M5WqPhq+Ya9BOmIYC8= sha512-cu8EF+MtkwI4DLIT0x9P8qNTLFhQD4jLfxLR0cCNkeGzs87FN6879JOJwNQR/1zD7aSYNbU0hgsV9zGY71Itvw=="
  "resolved" "http://registry.npm.taobao.org/redis-commands/download/redis-commands-1.4.0.tgz"
  "version" "1.4.0"

"redis-parser@^2.6.0":
  "integrity" "sha1-Uu0J2srBCPGmMcB+m2mUHnoZUEs= sha512-9Hdw19gwXFBJdN8ENUoNVJFRyMDFrE/ZBClPicKYDPwNPJ4ST1TedAHYNSiGKElwh2vrmRGMoJYbVdJd+WQXIw=="
  "resolved" "http://registry.npm.taobao.org/redis-parser/download/redis-parser-2.6.0.tgz"
  "version" "2.6.0"

"redis@^2.8.0":
  "integrity" "sha1-ICKI4/WMSfYHnZevehDhMDrhSwI= sha512-M1OkonEQwtRmZv4tEWF2VgpG0JWJ8Fv1PhlgT5+B+uNq2cA3Rt1Yt/ryoR+vQNOQcIEgdCdfH0jr3bDpihAw1A=="
  "resolved" "http://registry.npm.taobao.org/redis/download/redis-2.8.0.tgz"
  "version" "2.8.0"
  dependencies:
    "double-ended-queue" "^2.1.0-0"
    "redis-commands" "^1.2.0"
    "redis-parser" "^2.6.0"
